// !$*UTF8*$!
{
	archiveVersion = 1;
	classes = {
	};
	objectVersion = 56;
	objects = {

/* Begin PBXBuildFile section */
		3267CA152AD2EBAE0087A671 /* SelectingConditionView.swift in Sources */ = {isa = PBXBuildFile; fileRef = 3267CA142AD2EBAE0087A671 /* SelectingConditionView.swift */; };
		32803E422AD2F35200BD99BD /* FontManager.swift in Sources */ = {isa = PBXBuildFile; fileRef = 32803E412AD2F35200BD99BD /* FontManager.swift */; };
		32803E442AD2F72F00BD99BD /* SelectingConditionViewController.swift in Sources */ = {isa = PBXBuildFile; fileRef = 32803E432AD2F72F00BD99BD /* SelectingConditionViewController.swift */; };
		32803E482AD2FFCA00BD99BD /* DropDown in Frameworks */ = {isa = PBXBuildFile; productRef = 32803E472AD2FFCA00BD99BD /* DropDown */; };
		32803E4A2AD3DB1400BD99BD /* SelectingLocalConditionVC.swift in Sources */ = {isa = PBXBuildFile; fileRef = 32803E492AD3DB1400BD99BD /* SelectingLocalConditionVC.swift */; };
		32803E4C2AD3ED8300BD99BD /* LoadingViewController.swift in Sources */ = {isa = PBXBuildFile; fileRef = 32803E4B2AD3ED8300BD99BD /* LoadingViewController.swift */; };
		32803E4E2AD3EE8300BD99BD /* SubscriptionResultViewController.swift in Sources */ = {isa = PBXBuildFile; fileRef = 32803E4D2AD3EE8300BD99BD /* SubscriptionResultViewController.swift */; };
		32950C982AD2BBF6007D5A4B /* Subscription.storyboard in Resources */ = {isa = PBXBuildFile; fileRef = 32950C972AD2BBF6007D5A4B /* Subscription.storyboard */; };
		4865E8F22AD2BA6C00BAB81A /* mapDetailCont.swift in Sources */ = {isa = PBXBuildFile; fileRef = 4865E8F12AD2BA6C00BAB81A /* mapDetailCont.swift */; };
		48876C742AD2816C007EDAF5 /* realEstate.storyboard in Resources */ = {isa = PBXBuildFile; fileRef = 48876C732AD2816C007EDAF5 /* realEstate.storyboard */; };
		48876C782AD28CE9007EDAF5 /* mapCont.swift in Sources */ = {isa = PBXBuildFile; fileRef = 48876C772AD28CE9007EDAF5 /* mapCont.swift */; };
		8B0FFA892AD5637200CCC5AC /* SubscriptionInfoTableViewCell.swift in Sources */ = {isa = PBXBuildFile; fileRef = 8B0FFA882AD5637200CCC5AC /* SubscriptionInfoTableViewCell.swift */; };
		8B2ADE852AD25ADC00213F84 /* Pretendard-Regular.otf in Resources */ = {isa = PBXBuildFile; fileRef = 8B2ADE7C2AD25ADC00213F84 /* Pretendard-Regular.otf */; };
		8B2ADE862AD25ADC00213F84 /* Pretendard-Thin.otf in Resources */ = {isa = PBXBuildFile; fileRef = 8B2ADE7D2AD25ADC00213F84 /* Pretendard-Thin.otf */; };
		8B2ADE872AD25ADC00213F84 /* Pretendard-Black.otf in Resources */ = {isa = PBXBuildFile; fileRef = 8B2ADE7E2AD25ADC00213F84 /* Pretendard-Black.otf */; };
		8B2ADE882AD25ADC00213F84 /* Pretendard-Medium.otf in Resources */ = {isa = PBXBuildFile; fileRef = 8B2ADE7F2AD25ADC00213F84 /* Pretendard-Medium.otf */; };
		8B2ADE892AD25ADC00213F84 /* Pretendard-Light.otf in Resources */ = {isa = PBXBuildFile; fileRef = 8B2ADE802AD25ADC00213F84 /* Pretendard-Light.otf */; };
		8B2ADE8A2AD25ADC00213F84 /* Pretendard-Bold.otf in Resources */ = {isa = PBXBuildFile; fileRef = 8B2ADE812AD25ADC00213F84 /* Pretendard-Bold.otf */; };
		8B2ADE8B2AD25ADC00213F84 /* Pretendard-ExtraBold.otf in Resources */ = {isa = PBXBuildFile; fileRef = 8B2ADE822AD25ADC00213F84 /* Pretendard-ExtraBold.otf */; };
		8B2ADE8C2AD25ADC00213F84 /* Pretendard-SemiBold.otf in Resources */ = {isa = PBXBuildFile; fileRef = 8B2ADE832AD25ADC00213F84 /* Pretendard-SemiBold.otf */; };
		8B2ADE8D2AD25ADC00213F84 /* Pretendard-ExtraLight.otf in Resources */ = {isa = PBXBuildFile; fileRef = 8B2ADE842AD25ADC00213F84 /* Pretendard-ExtraLight.otf */; };
		8B63B8B02AD423BA00A680B5 /* SubscriptionByLocation.storyboard in Resources */ = {isa = PBXBuildFile; fileRef = 8B63B8AF2AD423BA00A680B5 /* SubscriptionByLocation.storyboard */; };
		8BAA99142AD1551A00EF4746 /* AppDelegate.swift in Sources */ = {isa = PBXBuildFile; fileRef = 8BAA99132AD1551A00EF4746 /* AppDelegate.swift */; };
		8BAA99162AD1551A00EF4746 /* SceneDelegate.swift in Sources */ = {isa = PBXBuildFile; fileRef = 8BAA99152AD1551A00EF4746 /* SceneDelegate.swift */; };
		8BAA99182AD1551A00EF4746 /* ViewController.swift in Sources */ = {isa = PBXBuildFile; fileRef = 8BAA99172AD1551A00EF4746 /* ViewController.swift */; };
		8BAA991B2AD1551A00EF4746 /* Main.storyboard in Resources */ = {isa = PBXBuildFile; fileRef = 8BAA99192AD1551A00EF4746 /* Main.storyboard */; };
		8BAA991D2AD1551B00EF4746 /* Assets.xcassets in Resources */ = {isa = PBXBuildFile; fileRef = 8BAA991C2AD1551B00EF4746 /* Assets.xcassets */; };
		8BAA99202AD1551B00EF4746 /* LaunchScreen.storyboard in Resources */ = {isa = PBXBuildFile; fileRef = 8BAA991E2AD1551B00EF4746 /* LaunchScreen.storyboard */; };
		8BBC8EDD2AD4F78D00D52F93 /* SubscriptionInfoViewController.swift in Sources */ = {isa = PBXBuildFile; fileRef = 8BBC8EDC2AD4F78D00D52F93 /* SubscriptionInfoViewController.swift */; };
		8BDFD2172AD283F70028A43E /* neurimboGothic-Regular.otf in Resources */ = {isa = PBXBuildFile; fileRef = 8BDFD2162AD283F70028A43E /* neurimboGothic-Regular.otf */; };
		8BDFD2192AD298730028A43E /* BannerCollectionViewCell.swift in Sources */ = {isa = PBXBuildFile; fileRef = 8BDFD2182AD298730028A43E /* BannerCollectionViewCell.swift */; };
		8BEA5FAF2AD7C1B2007231DE /* SelectLocationViewController.swift in Sources */ = {isa = PBXBuildFile; fileRef = 8BEA5FAE2AD7C1B2007231DE /* SelectLocationViewController.swift */; };
		9BCDC22D51311EC636561360 /* Pods_Hows_ing.framework in Frameworks */ = {isa = PBXBuildFile; fileRef = F9D242B8B2653EACFC0B4962 /* Pods_Hows_ing.framework */; };
/* End PBXBuildFile section */

/* Begin PBXFileReference section */
		3267CA142AD2EBAE0087A671 /* SelectingConditionView.swift */ = {isa = PBXFileReference; lastKnownFileType = sourcecode.swift; path = SelectingConditionView.swift; sourceTree = "<group>"; };
		32803E412AD2F35200BD99BD /* FontManager.swift */ = {isa = PBXFileReference; lastKnownFileType = sourcecode.swift; path = FontManager.swift; sourceTree = "<group>"; };
		32803E432AD2F72F00BD99BD /* SelectingConditionViewController.swift */ = {isa = PBXFileReference; lastKnownFileType = sourcecode.swift; path = SelectingConditionViewController.swift; sourceTree = "<group>"; };
		32803E492AD3DB1400BD99BD /* SelectingLocalConditionVC.swift */ = {isa = PBXFileReference; lastKnownFileType = sourcecode.swift; path = SelectingLocalConditionVC.swift; sourceTree = "<group>"; };
		32803E4B2AD3ED8300BD99BD /* LoadingViewController.swift */ = {isa = PBXFileReference; lastKnownFileType = sourcecode.swift; path = LoadingViewController.swift; sourceTree = "<group>"; };
		32803E4D2AD3EE8300BD99BD /* SubscriptionResultViewController.swift */ = {isa = PBXFileReference; lastKnownFileType = sourcecode.swift; path = SubscriptionResultViewController.swift; sourceTree = "<group>"; };
		32950C972AD2BBF6007D5A4B /* Subscription.storyboard */ = {isa = PBXFileReference; lastKnownFileType = file.storyboard; path = Subscription.storyboard; sourceTree = "<group>"; };
		41CB422A137929E06455FA28 /* Pods-Hows-ing.debug.xcconfig */ = {isa = PBXFileReference; includeInIndex = 1; lastKnownFileType = text.xcconfig; name = "Pods-Hows-ing.debug.xcconfig"; path = "Target Support Files/Pods-Hows-ing/Pods-Hows-ing.debug.xcconfig"; sourceTree = "<group>"; };
		4865E8F12AD2BA6C00BAB81A /* mapDetailCont.swift */ = {isa = PBXFileReference; lastKnownFileType = sourcecode.swift; path = mapDetailCont.swift; sourceTree = "<group>"; };
		48876C732AD2816C007EDAF5 /* realEstate.storyboard */ = {isa = PBXFileReference; lastKnownFileType = file.storyboard; path = realEstate.storyboard; sourceTree = "<group>"; };
		48876C772AD28CE9007EDAF5 /* mapCont.swift */ = {isa = PBXFileReference; lastKnownFileType = sourcecode.swift; path = mapCont.swift; sourceTree = "<group>"; };
		48876C792AD29792007EDAF5 /* Hows-ing.app */ = {isa = PBXFileReference; explicitFileType = wrapper.application; includeInIndex = 0; path = "Hows-ing.app"; sourceTree = BUILT_PRODUCTS_DIR; };
		863A63D3137CBAD58DE2859B /* Pods-Hows-ing.release.xcconfig */ = {isa = PBXFileReference; includeInIndex = 1; lastKnownFileType = text.xcconfig; name = "Pods-Hows-ing.release.xcconfig"; path = "Target Support Files/Pods-Hows-ing/Pods-Hows-ing.release.xcconfig"; sourceTree = "<group>"; };
		8B0FFA882AD5637200CCC5AC /* SubscriptionInfoTableViewCell.swift */ = {isa = PBXFileReference; lastKnownFileType = sourcecode.swift; path = SubscriptionInfoTableViewCell.swift; sourceTree = "<group>"; };
		8B2ADE7C2AD25ADC00213F84 /* Pretendard-Regular.otf */ = {isa = PBXFileReference; lastKnownFileType = file; path = "Pretendard-Regular.otf"; sourceTree = "<group>"; };
		8B2ADE7D2AD25ADC00213F84 /* Pretendard-Thin.otf */ = {isa = PBXFileReference; lastKnownFileType = file; path = "Pretendard-Thin.otf"; sourceTree = "<group>"; };
		8B2ADE7E2AD25ADC00213F84 /* Pretendard-Black.otf */ = {isa = PBXFileReference; lastKnownFileType = file; path = "Pretendard-Black.otf"; sourceTree = "<group>"; };
		8B2ADE7F2AD25ADC00213F84 /* Pretendard-Medium.otf */ = {isa = PBXFileReference; lastKnownFileType = file; path = "Pretendard-Medium.otf"; sourceTree = "<group>"; };
		8B2ADE802AD25ADC00213F84 /* Pretendard-Light.otf */ = {isa = PBXFileReference; lastKnownFileType = file; path = "Pretendard-Light.otf"; sourceTree = "<group>"; };
		8B2ADE812AD25ADC00213F84 /* Pretendard-Bold.otf */ = {isa = PBXFileReference; lastKnownFileType = file; path = "Pretendard-Bold.otf"; sourceTree = "<group>"; };
		8B2ADE822AD25ADC00213F84 /* Pretendard-ExtraBold.otf */ = {isa = PBXFileReference; lastKnownFileType = file; path = "Pretendard-ExtraBold.otf"; sourceTree = "<group>"; };
		8B2ADE832AD25ADC00213F84 /* Pretendard-SemiBold.otf */ = {isa = PBXFileReference; lastKnownFileType = file; path = "Pretendard-SemiBold.otf"; sourceTree = "<group>"; };
		8B2ADE842AD25ADC00213F84 /* Pretendard-ExtraLight.otf */ = {isa = PBXFileReference; lastKnownFileType = file; path = "Pretendard-ExtraLight.otf"; sourceTree = "<group>"; };
		8B63B8AF2AD423BA00A680B5 /* SubscriptionByLocation.storyboard */ = {isa = PBXFileReference; lastKnownFileType = file.storyboard; path = SubscriptionByLocation.storyboard; sourceTree = "<group>"; };
		8BAA99132AD1551A00EF4746 /* AppDelegate.swift */ = {isa = PBXFileReference; lastKnownFileType = sourcecode.swift; path = AppDelegate.swift; sourceTree = "<group>"; };
		8BAA99152AD1551A00EF4746 /* SceneDelegate.swift */ = {isa = PBXFileReference; lastKnownFileType = sourcecode.swift; path = SceneDelegate.swift; sourceTree = "<group>"; };
		8BAA99172AD1551A00EF4746 /* ViewController.swift */ = {isa = PBXFileReference; lastKnownFileType = sourcecode.swift; path = ViewController.swift; sourceTree = "<group>"; };
		8BAA991A2AD1551A00EF4746 /* Base */ = {isa = PBXFileReference; lastKnownFileType = file.storyboard; name = Base; path = Base.lproj/Main.storyboard; sourceTree = "<group>"; };
		8BAA991C2AD1551B00EF4746 /* Assets.xcassets */ = {isa = PBXFileReference; lastKnownFileType = folder.assetcatalog; path = Assets.xcassets; sourceTree = "<group>"; };
		8BAA991F2AD1551B00EF4746 /* Base */ = {isa = PBXFileReference; lastKnownFileType = file.storyboard; name = Base; path = Base.lproj/LaunchScreen.storyboard; sourceTree = "<group>"; };
		8BAA99212AD1551B00EF4746 /* Info.plist */ = {isa = PBXFileReference; lastKnownFileType = text.plist.xml; path = Info.plist; sourceTree = "<group>"; };
		8BBC8EDC2AD4F78D00D52F93 /* SubscriptionInfoViewController.swift */ = {isa = PBXFileReference; lastKnownFileType = sourcecode.swift; path = SubscriptionInfoViewController.swift; sourceTree = "<group>"; };
		8BDFD2162AD283F70028A43E /* neurimboGothic-Regular.otf */ = {isa = PBXFileReference; lastKnownFileType = file; path = "neurimboGothic-Regular.otf"; sourceTree = "<group>"; };
		8BDFD2182AD298730028A43E /* BannerCollectionViewCell.swift */ = {isa = PBXFileReference; lastKnownFileType = sourcecode.swift; path = BannerCollectionViewCell.swift; sourceTree = "<group>"; };
		8BEA5FAE2AD7C1B2007231DE /* SelectLocationViewController.swift */ = {isa = PBXFileReference; lastKnownFileType = sourcecode.swift; path = SelectLocationViewController.swift; sourceTree = "<group>"; };
		F9D242B8B2653EACFC0B4962 /* Pods_Hows_ing.framework */ = {isa = PBXFileReference; explicitFileType = wrapper.framework; includeInIndex = 0; path = Pods_Hows_ing.framework; sourceTree = BUILT_PRODUCTS_DIR; };
/* End PBXFileReference section */

/* Begin PBXFrameworksBuildPhase section */
		8BAA990D2AD1551A00EF4746 /* Frameworks */ = {
			isa = PBXFrameworksBuildPhase;
			buildActionMask = 2147483647;
			files = (
				32803E482AD2FFCA00BD99BD /* DropDown in Frameworks */,
				9BCDC22D51311EC636561360 /* Pods_Hows_ing.framework in Frameworks */,
			);
			runOnlyForDeploymentPostprocessing = 0;
		};
/* End PBXFrameworksBuildPhase section */

/* Begin PBXGroup section */
		1B2CD7981BDC08B0FE0B30E8 /* Frameworks */ = {
			isa = PBXGroup;
			children = (
				F9D242B8B2653EACFC0B4962 /* Pods_Hows_ing.framework */,
			);
			name = Frameworks;
			sourceTree = "<group>";
		};
		324365282AD2DE8200F92DE5 /* Subscription */ = {
			isa = PBXGroup;
			children = (
				3267CA142AD2EBAE0087A671 /* SelectingConditionView.swift */,
				32803E412AD2F35200BD99BD /* FontManager.swift */,
			);
			path = Subscription;
			sourceTree = "<group>";
		};
		48876C762AD28CCB007EDAF5 /* realEstate */ = {
			isa = PBXGroup;
			children = (
				48876C772AD28CE9007EDAF5 /* mapCont.swift */,
				4865E8F12AD2BA6C00BAB81A /* mapDetailCont.swift */,
			);
			path = realEstate;
			sourceTree = "<group>";
		};
		84B6ECF600BA31537A8D880E /* Pods */ = {
			isa = PBXGroup;
			children = (
				41CB422A137929E06455FA28 /* Pods-Hows-ing.debug.xcconfig */,
				863A63D3137CBAD58DE2859B /* Pods-Hows-ing.release.xcconfig */,
			);
			path = Pods;
			sourceTree = "<group>";
		};
		8B2ADE652AD259FA00213F84 /* Resource */ = {
			isa = PBXGroup;
			children = (
				8B2ADE682AD25A4300213F84 /* Fonts */,
				8B2ADE672AD25A3300213F84 /* Storyboard */,
				8BAA991C2AD1551B00EF4746 /* Assets.xcassets */,
			);
			path = Resource;
			sourceTree = "<group>";
		};
		8B2ADE662AD25A1300213F84 /* Source */ = {
			isa = PBXGroup;
			children = (
				8B2ADE692AD25A5100213F84 /* VCS */,
				8BAA99132AD1551A00EF4746 /* AppDelegate.swift */,
				8BAA99152AD1551A00EF4746 /* SceneDelegate.swift */,
				8BDFD2182AD298730028A43E /* BannerCollectionViewCell.swift */,
				8B0FFA882AD5637200CCC5AC /* SubscriptionInfoTableViewCell.swift */,
			);
			path = Source;
			sourceTree = "<group>";
		};
		8B2ADE672AD25A3300213F84 /* Storyboard */ = {
			isa = PBXGroup;
			children = (
				324365282AD2DE8200F92DE5 /* Subscription */,
				8BAA99192AD1551A00EF4746 /* Main.storyboard */,
				8B63B8AF2AD423BA00A680B5 /* SubscriptionByLocation.storyboard */,
				8BAA991E2AD1551B00EF4746 /* LaunchScreen.storyboard */,
				32950C972AD2BBF6007D5A4B /* Subscription.storyboard */,
				48876C732AD2816C007EDAF5 /* realEstate.storyboard */,
			);
			path = Storyboard;
			sourceTree = "<group>";
		};
		8B2ADE682AD25A4300213F84 /* Fonts */ = {
			isa = PBXGroup;
			children = (
				8B2ADE7E2AD25ADC00213F84 /* Pretendard-Black.otf */,
				8B2ADE812AD25ADC00213F84 /* Pretendard-Bold.otf */,
				8B2ADE822AD25ADC00213F84 /* Pretendard-ExtraBold.otf */,
				8B2ADE842AD25ADC00213F84 /* Pretendard-ExtraLight.otf */,
				8B2ADE802AD25ADC00213F84 /* Pretendard-Light.otf */,
				8B2ADE7F2AD25ADC00213F84 /* Pretendard-Medium.otf */,
				8B2ADE7C2AD25ADC00213F84 /* Pretendard-Regular.otf */,
				8B2ADE832AD25ADC00213F84 /* Pretendard-SemiBold.otf */,
				8B2ADE7D2AD25ADC00213F84 /* Pretendard-Thin.otf */,
				8BDFD2162AD283F70028A43E /* neurimboGothic-Regular.otf */,
			);
			path = Fonts;
			sourceTree = "<group>";
		};
		8B2ADE692AD25A5100213F84 /* VCS */ = {
			isa = PBXGroup;
			children = (
				48876C762AD28CCB007EDAF5 /* realEstate */,
				8BAA99172AD1551A00EF4746 /* ViewController.swift */,
				32803E432AD2F72F00BD99BD /* SelectingConditionViewController.swift */,
				32803E492AD3DB1400BD99BD /* SelectingLocalConditionVC.swift */,
				32803E4B2AD3ED8300BD99BD /* LoadingViewController.swift */,
				32803E4D2AD3EE8300BD99BD /* SubscriptionResultViewController.swift */,
				8BBC8EDC2AD4F78D00D52F93 /* SubscriptionInfoViewController.swift */,
				8BEA5FAE2AD7C1B2007231DE /* SelectLocationViewController.swift */,
			);
			path = VCS;
			sourceTree = "<group>";
		};
		8BAA99072AD1551A00EF4746 = {
			isa = PBXGroup;
			children = (
				8BAA99122AD1551A00EF4746 /* Hows-ing */,
				84B6ECF600BA31537A8D880E /* Pods */,
				1B2CD7981BDC08B0FE0B30E8 /* Frameworks */,
				48876C792AD29792007EDAF5 /* Hows-ing.app */,
			);
			sourceTree = "<group>";
		};
		8BAA99122AD1551A00EF4746 /* Hows-ing */ = {
			isa = PBXGroup;
			children = (
				8B2ADE662AD25A1300213F84 /* Source */,
				8B2ADE652AD259FA00213F84 /* Resource */,
				8BAA99212AD1551B00EF4746 /* Info.plist */,
			);
			path = "Hows-ing";
			sourceTree = "<group>";
		};
/* End PBXGroup section */

/* Begin PBXNativeTarget section */
		8BAA990F2AD1551A00EF4746 /* Hows-ing */ = {
			isa = PBXNativeTarget;
			buildConfigurationList = 8BAA99242AD1551B00EF4746 /* Build configuration list for PBXNativeTarget "Hows-ing" */;
			buildPhases = (
				3C5BF558B329403EBD957633 /* [CP] Check Pods Manifest.lock */,
				8BAA990C2AD1551A00EF4746 /* Sources */,
				8BAA990D2AD1551A00EF4746 /* Frameworks */,
				8BAA990E2AD1551A00EF4746 /* Resources */,
				003AE6DFAB5498D7274E5F74 /* [CP] Embed Pods Frameworks */,
			);
			buildRules = (
			);
			dependencies = (
			);
			name = "Hows-ing";
			packageProductDependencies = (
				32803E472AD2FFCA00BD99BD /* DropDown */,
			);
			productName = "Hows-ing";
			productReference = 48876C792AD29792007EDAF5 /* Hows-ing.app */;
			productType = "com.apple.product-type.application";
		};
/* End PBXNativeTarget section */

/* Begin PBXProject section */
		8BAA99082AD1551A00EF4746 /* Project object */ = {
			isa = PBXProject;
			attributes = {
				BuildIndependentTargetsInParallel = 1;
				LastSwiftUpdateCheck = 1500;
				LastUpgradeCheck = 1500;
				TargetAttributes = {
					8BAA990F2AD1551A00EF4746 = {
						CreatedOnToolsVersion = 15.0;
					};
				};
			};
			buildConfigurationList = 8BAA990B2AD1551A00EF4746 /* Build configuration list for PBXProject "Hows-ing" */;
			compatibilityVersion = "Xcode 14.0";
			developmentRegion = en;
			hasScannedForEncodings = 0;
			knownRegions = (
				en,
				Base,
			);
			mainGroup = 8BAA99072AD1551A00EF4746;
			packageReferences = (
				32803E462AD2FFCA00BD99BD /* XCRemoteSwiftPackageReference "DropDown" */,
			);
			projectDirPath = "";
			projectRoot = "";
			targets = (
				8BAA990F2AD1551A00EF4746 /* Hows-ing */,
			);
		};
/* End PBXProject section */

/* Begin PBXResourcesBuildPhase section */
		8BAA990E2AD1551A00EF4746 /* Resources */ = {
			isa = PBXResourcesBuildPhase;
			buildActionMask = 2147483647;
			files = (
				8B2ADE8C2AD25ADC00213F84 /* Pretendard-SemiBold.otf in Resources */,
				8B2ADE882AD25ADC00213F84 /* Pretendard-Medium.otf in Resources */,
				8BDFD2172AD283F70028A43E /* neurimboGothic-Regular.otf in Resources */,
				8B63B8B02AD423BA00A680B5 /* SubscriptionByLocation.storyboard in Resources */,
				8B2ADE892AD25ADC00213F84 /* Pretendard-Light.otf in Resources */,
				8B2ADE8B2AD25ADC00213F84 /* Pretendard-ExtraBold.otf in Resources */,
				8BAA99202AD1551B00EF4746 /* LaunchScreen.storyboard in Resources */,
				8B2ADE862AD25ADC00213F84 /* Pretendard-Thin.otf in Resources */,
				8B2ADE8D2AD25ADC00213F84 /* Pretendard-ExtraLight.otf in Resources */,
				8B2ADE852AD25ADC00213F84 /* Pretendard-Regular.otf in Resources */,
				8BAA991D2AD1551B00EF4746 /* Assets.xcassets in Resources */,
				8B2ADE872AD25ADC00213F84 /* Pretendard-Black.otf in Resources */,
				8B2ADE8A2AD25ADC00213F84 /* Pretendard-Bold.otf in Resources */,
				48876C742AD2816C007EDAF5 /* realEstate.storyboard in Resources */,
				8BAA991B2AD1551A00EF4746 /* Main.storyboard in Resources */,
				32950C982AD2BBF6007D5A4B /* Subscription.storyboard in Resources */,
			);
			runOnlyForDeploymentPostprocessing = 0;
		};
/* End PBXResourcesBuildPhase section */

/* Begin PBXShellScriptBuildPhase section */
		003AE6DFAB5498D7274E5F74 /* [CP] Embed Pods Frameworks */ = {
			isa = PBXShellScriptBuildPhase;
			buildActionMask = 2147483647;
			files = (
			);
			inputFileListPaths = (
				"${PODS_ROOT}/Target Support Files/Pods-Hows-ing/Pods-Hows-ing-frameworks-${CONFIGURATION}-input-files.xcfilelist",
			);
			name = "[CP] Embed Pods Frameworks";
			outputFileListPaths = (
				"${PODS_ROOT}/Target Support Files/Pods-Hows-ing/Pods-Hows-ing-frameworks-${CONFIGURATION}-output-files.xcfilelist",
			);
			runOnlyForDeploymentPostprocessing = 0;
			shellPath = /bin/sh;
			shellScript = "\"${PODS_ROOT}/Target Support Files/Pods-Hows-ing/Pods-Hows-ing-frameworks.sh\"\n";
			showEnvVarsInLog = 0;
		};
		3C5BF558B329403EBD957633 /* [CP] Check Pods Manifest.lock */ = {
			isa = PBXShellScriptBuildPhase;
			buildActionMask = 2147483647;
			files = (
			);
			inputFileListPaths = (
			);
			inputPaths = (
				"${PODS_PODFILE_DIR_PATH}/Podfile.lock",
				"${PODS_ROOT}/Manifest.lock",
			);
			name = "[CP] Check Pods Manifest.lock";
			outputFileListPaths = (
			);
			outputPaths = (
				"$(DERIVED_FILE_DIR)/Pods-Hows-ing-checkManifestLockResult.txt",
			);
			runOnlyForDeploymentPostprocessing = 0;
			shellPath = /bin/sh;
			shellScript = "diff \"${PODS_PODFILE_DIR_PATH}/Podfile.lock\" \"${PODS_ROOT}/Manifest.lock\" > /dev/null\nif [ $? != 0 ] ; then\n    # print error to STDERR\n    echo \"error: The sandbox is not in sync with the Podfile.lock. Run 'pod install' or update your CocoaPods installation.\" >&2\n    exit 1\nfi\n# This output is used by Xcode 'outputs' to avoid re-running this script phase.\necho \"SUCCESS\" > \"${SCRIPT_OUTPUT_FILE_0}\"\n";
			showEnvVarsInLog = 0;
		};
/* End PBXShellScriptBuildPhase section */

/* Begin PBXSourcesBuildPhase section */
		8BAA990C2AD1551A00EF4746 /* Sources */ = {
			isa = PBXSourcesBuildPhase;
			buildActionMask = 2147483647;
			files = (
				32803E422AD2F35200BD99BD /* FontManager.swift in Sources */,
				8BAA99182AD1551A00EF4746 /* ViewController.swift in Sources */,
				32803E4E2AD3EE8300BD99BD /* SubscriptionResultViewController.swift in Sources */,
				32803E4A2AD3DB1400BD99BD /* SelectingLocalConditionVC.swift in Sources */,
				32803E4C2AD3ED8300BD99BD /* LoadingViewController.swift in Sources */,
				8BAA99142AD1551A00EF4746 /* AppDelegate.swift in Sources */,
				48876C782AD28CE9007EDAF5 /* mapCont.swift in Sources */,
				8B0FFA892AD5637200CCC5AC /* SubscriptionInfoTableViewCell.swift in Sources */,
				8BEA5FAF2AD7C1B2007231DE /* SelectLocationViewController.swift in Sources */,
				8BDFD2192AD298730028A43E /* BannerCollectionViewCell.swift in Sources */,
				8BBC8EDD2AD4F78D00D52F93 /* SubscriptionInfoViewController.swift in Sources */,
				8BAA99162AD1551A00EF4746 /* SceneDelegate.swift in Sources */,
				3267CA152AD2EBAE0087A671 /* SelectingConditionView.swift in Sources */,
				32803E442AD2F72F00BD99BD /* SelectingConditionViewController.swift in Sources */,
				4865E8F22AD2BA6C00BAB81A /* mapDetailCont.swift in Sources */,
			);
			runOnlyForDeploymentPostprocessing = 0;
		};
/* End PBXSourcesBuildPhase section */

/* Begin PBXVariantGroup section */
		8BAA99192AD1551A00EF4746 /* Main.storyboard */ = {
			isa = PBXVariantGroup;
			children = (
				8BAA991A2AD1551A00EF4746 /* Base */,
			);
			name = Main.storyboard;
			sourceTree = "<group>";
		};
		8BAA991E2AD1551B00EF4746 /* LaunchScreen.storyboard */ = {
			isa = PBXVariantGroup;
			children = (
				8BAA991F2AD1551B00EF4746 /* Base */,
			);
			name = LaunchScreen.storyboard;
			sourceTree = "<group>";
		};
/* End PBXVariantGroup section */

/* Begin XCBuildConfiguration section */
		8BAA99222AD1551B00EF4746 /* Debug */ = {
			isa = XCBuildConfiguration;
			buildSettings = {
				ALWAYS_SEARCH_USER_PATHS = NO;
				ASSETCATALOG_COMPILER_GENERATE_SWIFT_ASSET_SYMBOL_EXTENSIONS = YES;
				CLANG_ANALYZER_NONNULL = YES;
				CLANG_ANALYZER_NUMBER_OBJECT_CONVERSION = YES_AGGRESSIVE;
				CLANG_CXX_LANGUAGE_STANDARD = "gnu++20";
				CLANG_ENABLE_MODULES = YES;
				CLANG_ENABLE_OBJC_ARC = YES;
				CLANG_ENABLE_OBJC_WEAK = YES;
				CLANG_WARN_BLOCK_CAPTURE_AUTORELEASING = YES;
				CLANG_WARN_BOOL_CONVERSION = YES;
				CLANG_WARN_COMMA = YES;
				CLANG_WARN_CONSTANT_CONVERSION = YES;
				CLANG_WARN_DEPRECATED_OBJC_IMPLEMENTATIONS = YES;
				CLANG_WARN_DIRECT_OBJC_ISA_USAGE = YES_ERROR;
				CLANG_WARN_DOCUMENTATION_COMMENTS = YES;
				CLANG_WARN_EMPTY_BODY = YES;
				CLANG_WARN_ENUM_CONVERSION = YES;
				CLANG_WARN_INFINITE_RECURSION = YES;
				CLANG_WARN_INT_CONVERSION = YES;
				CLANG_WARN_NON_LITERAL_NULL_CONVERSION = YES;
				CLANG_WARN_OBJC_IMPLICIT_RETAIN_SELF = YES;
				CLANG_WARN_OBJC_LITERAL_CONVERSION = YES;
				CLANG_WARN_OBJC_ROOT_CLASS = YES_ERROR;
				CLANG_WARN_QUOTED_INCLUDE_IN_FRAMEWORK_HEADER = YES;
				CLANG_WARN_RANGE_LOOP_ANALYSIS = YES;
				CLANG_WARN_STRICT_PROTOTYPES = YES;
				CLANG_WARN_SUSPICIOUS_MOVE = YES;
				CLANG_WARN_UNGUARDED_AVAILABILITY = YES_AGGRESSIVE;
				CLANG_WARN_UNREACHABLE_CODE = YES;
				CLANG_WARN__DUPLICATE_METHOD_MATCH = YES;
				COPY_PHASE_STRIP = NO;
				DEBUG_INFORMATION_FORMAT = dwarf;
				ENABLE_STRICT_OBJC_MSGSEND = YES;
				ENABLE_TESTABILITY = YES;
				ENABLE_USER_SCRIPT_SANDBOXING = YES;
				GCC_C_LANGUAGE_STANDARD = gnu17;
				GCC_DYNAMIC_NO_PIC = NO;
				GCC_NO_COMMON_BLOCKS = YES;
				GCC_OPTIMIZATION_LEVEL = 0;
				GCC_PREPROCESSOR_DEFINITIONS = (
					"DEBUG=1",
					"$(inherited)",
				);
				GCC_WARN_64_TO_32_BIT_CONVERSION = YES;
				GCC_WARN_ABOUT_RETURN_TYPE = YES_ERROR;
				GCC_WARN_UNDECLARED_SELECTOR = YES;
				GCC_WARN_UNINITIALIZED_AUTOS = YES_AGGRESSIVE;
				GCC_WARN_UNUSED_FUNCTION = YES;
				GCC_WARN_UNUSED_VARIABLE = YES;
				IPHONEOS_DEPLOYMENT_TARGET = 17.0;
				LOCALIZATION_PREFERS_STRING_CATALOGS = YES;
				MTL_ENABLE_DEBUG_INFO = INCLUDE_SOURCE;
				MTL_FAST_MATH = YES;
				ONLY_ACTIVE_ARCH = YES;
				SDKROOT = iphoneos;
				SWIFT_ACTIVE_COMPILATION_CONDITIONS = "DEBUG $(inherited)";
				SWIFT_OPTIMIZATION_LEVEL = "-Onone";
			};
			name = Debug;
		};
		8BAA99232AD1551B00EF4746 /* Release */ = {
			isa = XCBuildConfiguration;
			buildSettings = {
				ALWAYS_SEARCH_USER_PATHS = NO;
				ASSETCATALOG_COMPILER_GENERATE_SWIFT_ASSET_SYMBOL_EXTENSIONS = YES;
				CLANG_ANALYZER_NONNULL = YES;
				CLANG_ANALYZER_NUMBER_OBJECT_CONVERSION = YES_AGGRESSIVE;
				CLANG_CXX_LANGUAGE_STANDARD = "gnu++20";
				CLANG_ENABLE_MODULES = YES;
				CLANG_ENABLE_OBJC_ARC = YES;
				CLANG_ENABLE_OBJC_WEAK = YES;
				CLANG_WARN_BLOCK_CAPTURE_AUTORELEASING = YES;
				CLANG_WARN_BOOL_CONVERSION = YES;
				CLANG_WARN_COMMA = YES;
				CLANG_WARN_CONSTANT_CONVERSION = YES;
				CLANG_WARN_DEPRECATED_OBJC_IMPLEMENTATIONS = YES;
				CLANG_WARN_DIRECT_OBJC_ISA_USAGE = YES_ERROR;
				CLANG_WARN_DOCUMENTATION_COMMENTS = YES;
				CLANG_WARN_EMPTY_BODY = YES;
				CLANG_WARN_ENUM_CONVERSION = YES;
				CLANG_WARN_INFINITE_RECURSION = YES;
				CLANG_WARN_INT_CONVERSION = YES;
				CLANG_WARN_NON_LITERAL_NULL_CONVERSION = YES;
				CLANG_WARN_OBJC_IMPLICIT_RETAIN_SELF = YES;
				CLANG_WARN_OBJC_LITERAL_CONVERSION = YES;
				CLANG_WARN_OBJC_ROOT_CLASS = YES_ERROR;
				CLANG_WARN_QUOTED_INCLUDE_IN_FRAMEWORK_HEADER = YES;
				CLANG_WARN_RANGE_LOOP_ANALYSIS = YES;
				CLANG_WARN_STRICT_PROTOTYPES = YES;
				CLANG_WARN_SUSPICIOUS_MOVE = YES;
				CLANG_WARN_UNGUARDED_AVAILABILITY = YES_AGGRESSIVE;
				CLANG_WARN_UNREACHABLE_CODE = YES;
				CLANG_WARN__DUPLICATE_METHOD_MATCH = YES;
				COPY_PHASE_STRIP = NO;
				DEBUG_INFORMATION_FORMAT = "dwarf-with-dsym";
				ENABLE_NS_ASSERTIONS = NO;
				ENABLE_STRICT_OBJC_MSGSEND = YES;
				ENABLE_USER_SCRIPT_SANDBOXING = YES;
				GCC_C_LANGUAGE_STANDARD = gnu17;
				GCC_NO_COMMON_BLOCKS = YES;
				GCC_WARN_64_TO_32_BIT_CONVERSION = YES;
				GCC_WARN_ABOUT_RETURN_TYPE = YES_ERROR;
				GCC_WARN_UNDECLARED_SELECTOR = YES;
				GCC_WARN_UNINITIALIZED_AUTOS = YES_AGGRESSIVE;
				GCC_WARN_UNUSED_FUNCTION = YES;
				GCC_WARN_UNUSED_VARIABLE = YES;
				IPHONEOS_DEPLOYMENT_TARGET = 17.0;
				LOCALIZATION_PREFERS_STRING_CATALOGS = YES;
				MTL_ENABLE_DEBUG_INFO = NO;
				MTL_FAST_MATH = YES;
				SDKROOT = iphoneos;
				SWIFT_COMPILATION_MODE = wholemodule;
				VALIDATE_PRODUCT = YES;
			};
			name = Release;
		};
		8BAA99252AD1551B00EF4746 /* Debug */ = {
			isa = XCBuildConfiguration;
			baseConfigurationReference = 41CB422A137929E06455FA28 /* Pods-Hows-ing.debug.xcconfig */;
			buildSettings = {
				ASSETCATALOG_COMPILER_APPICON_NAME = AppIcon;
				ASSETCATALOG_COMPILER_GLOBAL_ACCENT_COLOR_NAME = AccentColor;
				CODE_SIGN_STYLE = Automatic;
				CURRENT_PROJECT_VERSION = 1;
				ENABLE_USER_SCRIPT_SANDBOXING = NO;
				GENERATE_INFOPLIST_FILE = YES;
				INFOPLIST_FILE = "Hows-ing/Info.plist";
				INFOPLIST_KEY_NSLocationAlwaysAndWhenInUseUsageDescription = "위치정보 권한이 필요합니다. (항상 or 앱을 사용하는 동안 위치정보를 수신합니다.)";
				INFOPLIST_KEY_NSLocationAlwaysUsageDescription = "위치정보 권한이 필요합니다. (항상 위치정보를 수신합니다.)";
				INFOPLIST_KEY_NSLocationWhenInUseUsageDescription = "위치정보 권한이 필요합니다. (앱을 사용하는 동안에만 위치정보를 수신합니다.)";
				INFOPLIST_KEY_UIApplicationSupportsIndirectInputEvents = YES;
				INFOPLIST_KEY_UILaunchStoryboardName = LaunchScreen;
				INFOPLIST_KEY_UIMainStoryboardFile = Main;
				INFOPLIST_KEY_UISupportedInterfaceOrientations_iPad = "UIInterfaceOrientationPortrait UIInterfaceOrientationPortraitUpsideDown UIInterfaceOrientationLandscapeLeft UIInterfaceOrientationLandscapeRight";
				INFOPLIST_KEY_UISupportedInterfaceOrientations_iPhone = "UIInterfaceOrientationPortrait UIInterfaceOrientationLandscapeLeft UIInterfaceOrientationLandscapeRight";
				IPHONEOS_DEPLOYMENT_TARGET = 16.0;
				LD_RUNPATH_SEARCH_PATHS = (
					"$(inherited)",
					"@executable_path/Frameworks",
				);
				MARKETING_VERSION = 1.0;
				PRODUCT_BUNDLE_IDENTIFIER = "Hows-ing.Hows-ing";
				PRODUCT_NAME = "$(TARGET_NAME)";
				SWIFT_EMIT_LOC_STRINGS = YES;
				SWIFT_VERSION = 5.0;
				TARGETED_DEVICE_FAMILY = "1,2";
			};
			name = Debug;
		};
		8BAA99262AD1551B00EF4746 /* Release */ = {
			isa = XCBuildConfiguration;
			baseConfigurationReference = 863A63D3137CBAD58DE2859B /* Pods-Hows-ing.release.xcconfig */;
			buildSettings = {
				ASSETCATALOG_COMPILER_APPICON_NAME = AppIcon;
				ASSETCATALOG_COMPILER_GLOBAL_ACCENT_COLOR_NAME = AccentColor;
				CODE_SIGN_STYLE = Automatic;
				CURRENT_PROJECT_VERSION = 1;
				ENABLE_USER_SCRIPT_SANDBOXING = NO;
				GENERATE_INFOPLIST_FILE = YES;
				INFOPLIST_FILE = "Hows-ing/Info.plist";
				INFOPLIST_KEY_NSLocationAlwaysAndWhenInUseUsageDescription = "위치정보 권한이 필요합니다. (항상 or 앱을 사용하는 동안 위치정보를 수신합니다.)";
				INFOPLIST_KEY_NSLocationAlwaysUsageDescription = "위치정보 권한이 필요합니다. (항상 위치정보를 수신합니다.)";
				INFOPLIST_KEY_NSLocationWhenInUseUsageDescription = "위치정보 권한이 필요합니다. (앱을 사용하는 동안에만 위치정보를 수신합니다.)";
				INFOPLIST_KEY_UIApplicationSupportsIndirectInputEvents = YES;
				INFOPLIST_KEY_UILaunchStoryboardName = LaunchScreen;
				INFOPLIST_KEY_UIMainStoryboardFile = Main;
				INFOPLIST_KEY_UISupportedInterfaceOrientations_iPad = "UIInterfaceOrientationPortrait UIInterfaceOrientationPortraitUpsideDown UIInterfaceOrientationLandscapeLeft UIInterfaceOrientationLandscapeRight";
				INFOPLIST_KEY_UISupportedInterfaceOrientations_iPhone = "UIInterfaceOrientationPortrait UIInterfaceOrientationLandscapeLeft UIInterfaceOrientationLandscapeRight";
				IPHONEOS_DEPLOYMENT_TARGET = 16.0;
				LD_RUNPATH_SEARCH_PATHS = (
					"$(inherited)",
					"@executable_path/Frameworks",
				);
				MARKETING_VERSION = 1.0;
				PRODUCT_BUNDLE_IDENTIFIER = "Hows-ing.Hows-ing";
				PRODUCT_NAME = "$(TARGET_NAME)";
				SWIFT_EMIT_LOC_STRINGS = YES;
				SWIFT_VERSION = 5.0;
				TARGETED_DEVICE_FAMILY = "1,2";
			};
			name = Release;
		};
/* End XCBuildConfiguration section */

/* Begin XCConfigurationList section */
		8BAA990B2AD1551A00EF4746 /* Build configuration list for PBXProject "Hows-ing" */ = {
			isa = XCConfigurationList;
			buildConfigurations = (
				8BAA99222AD1551B00EF4746 /* Debug */,
				8BAA99232AD1551B00EF4746 /* Release */,
			);
			defaultConfigurationIsVisible = 0;
			defaultConfigurationName = Release;
		};
		8BAA99242AD1551B00EF4746 /* Build configuration list for PBXNativeTarget "Hows-ing" */ = {
			isa = XCConfigurationList;
			buildConfigurations = (
				8BAA99252AD1551B00EF4746 /* Debug */,
				8BAA99262AD1551B00EF4746 /* Release */,
			);
			defaultConfigurationIsVisible = 0;
			defaultConfigurationName = Release;
		};
/* End XCConfigurationList section */

/* Begin XCRemoteSwiftPackageReference section */
		32803E462AD2FFCA00BD99BD /* XCRemoteSwiftPackageReference "DropDown" */ = {
			isa = XCRemoteSwiftPackageReference;
			repositoryURL = "https://github.com/AssistoLab/DropDown";
			requirement = {
				branch = master;
				kind = branch;
			};
		};
/* End XCRemoteSwiftPackageReference section */

/* Begin XCSwiftPackageProductDependency section */
		32803E472AD2FFCA00BD99BD /* DropDown */ = {
			isa = XCSwiftPackageProductDependency;
			package = 32803E462AD2FFCA00BD99BD /* XCRemoteSwiftPackageReference "DropDown" */;
			productName = DropDown;
		};
/* End XCSwiftPackageProductDependency section */
	};
	rootObject = 8BAA99082AD1551A00EF4746 /* Project object */;
}
